
Microsoft Visual Studio Solution File, Format Version 12.00
# Visual Studio Version 17
VisualStudioVersion = 17.5.33502.453
MinimumVisualStudioVersion = 10.0.40219.1
Project("{9A19103F-16F7-4668-BE54-9A1E7A4F7556}") = "SoftwareCompany.BL", "SoftwareCompany.BL\SoftwareCompany.BL.csproj", "{F3017069-1515-4D14-8310-39FB5963A2E2}"
EndProject
Project("{9A19103F-16F7-4668-BE54-9A1E7A4F7556}") = "SoftwareCompany.DAL", "SoftwareCompany.DAL\SoftwareCompany.DAL.csproj", "{A08537E2-E148-4A72-BAA2-15C1D8F4718D}"
EndProject
Project("{9A19103F-16F7-4668-BE54-9A1E7A4F7556}") = "SoftwareCompany.APIs", "SoftwareCompany\SoftwareCompany.APIs.csproj", "{0993B14A-4453-4CA2-BFB8-F34655F8703F}"
EndProject
Global
	GlobalSection(SolutionConfigurationPlatforms) = preSolution
		Debug|Any CPU = Debug|Any CPU
		Release|Any CPU = Release|Any CPU
	EndGlobalSection
	GlobalSection(ProjectConfigurationPlatforms) = postSolution
		{F3017069-1515-4D14-8310-39FB5963A2E2}.Debug|Any CPU.ActiveCfg = Debug|Any CPU
		{F3017069-1515-4D14-8310-39FB5963A2E2}.Debug|Any CPU.Build.0 = Debug|Any CPU
		{F3017069-1515-4D14-8310-39FB5963A2E2}.Release|Any CPU.ActiveCfg = Release|Any CPU
		{F3017069-1515-4D14-8310-39FB5963A2E2}.Release|Any CPU.Build.0 = Release|Any CPU
		{A08537E2-E148-4A72-BAA2-15C1D8F4718D}.Debug|Any CPU.ActiveCfg = Debug|Any CPU
		{A08537E2-E148-4A72-BAA2-15C1D8F4718D}.Debug|Any CPU.Build.0 = Debug|Any CPU
		{A08537E2-E148-4A72-BAA2-15C1D8F4718D}.Release|Any CPU.ActiveCfg = Release|Any CPU
		{A08537E2-E148-4A72-BAA2-15C1D8F4718D}.Release|Any CPU.Build.0 = Release|Any CPU
		{0993B14A-4453-4CA2-BFB8-F34655F8703F}.Debug|Any CPU.ActiveCfg = Debug|Any CPU
		{0993B14A-4453-4CA2-BFB8-F34655F8703F}.Debug|Any CPU.Build.0 = Debug|Any CPU
		{0993B14A-4453-4CA2-BFB8-F34655F8703F}.Release|Any CPU.ActiveCfg = Release|Any CPU
		{0993B14A-4453-4CA2-BFB8-F34655F8703F}.Release|Any CPU.Build.0 = Release|Any CPU
	EndGlobalSection
	GlobalSection(SolutionProperties) = preSolution
		HideSolutionNode = FALSE
	EndGlobalSection
	GlobalSection(ExtensibilityGlobals) = postSolution
		SolutionGuid = {5412767B-6909-41DA-9719-53E5A1C06F2A}
	EndGlobalSection
EndGlobal
