
Microsoft Visual Studio Solution File, Format Version 12.00
# Visual Studio Version 17
VisualStudioVersion = 17.3.32922.545
MinimumVisualStudioVersion = 10.0.40219.1
Project("{FAE04EC0-301F-11D3-BF4B-00C04F79EFBC}") = "Summary", "Summary\Summary.csproj", "{E72B355D-80E3-49E6-AE5C-38414AEE6684}"
EndProject
Global
	GlobalSection(SolutionConfigurationPlatforms) = preSolution
		Debug|Any CPU = Debug|Any CPU
		Release|Any CPU = Release|Any CPU
	EndGlobalSection
	GlobalSection(ProjectConfigurationPlatforms) = postSolution
		{E72B355D-80E3-49E6-AE5C-38414AEE6684}.Debug|Any CPU.ActiveCfg = Debug|Any CPU
		{E72B355D-80E3-49E6-AE5C-38414AEE6684}.Debug|Any CPU.Build.0 = Debug|Any CPU
		{E72B355D-80E3-49E6-AE5C-38414AEE6684}.Release|Any CPU.ActiveCfg = Release|Any CPU
		{E72B355D-80E3-49E6-AE5C-38414AEE6684}.Release|Any CPU.Build.0 = Release|Any CPU
	EndGlobalSection
	GlobalSection(SolutionProperties) = preSolution
		HideSolutionNode = FALSE
	EndGlobalSection
	GlobalSection(ExtensibilityGlobals) = postSolution
		SolutionGuid = {948F1246-446B-464A-96D0-BE656A5C2F78}
	EndGlobalSection
EndGlobal
