
Microsoft Visual Studio Solution File, Format Version 12.00
# Visual Studio Version 17
VisualStudioVersion = 17.3.32922.545
MinimumVisualStudioVersion = 10.0.40219.1
Project("{FAE04EC0-301F-11D3-BF4B-00C04F79EFBC}") = "loopexercise", "loopexercise\loopexercise.csproj", "{B7F53FC2-EC50-4043-8D97-1B00FCFF3E69}"
EndProject
Global
	GlobalSection(SolutionConfigurationPlatforms) = preSolution
		Debug|Any CPU = Debug|Any CPU
		Release|Any CPU = Release|Any CPU
	EndGlobalSection
	GlobalSection(ProjectConfigurationPlatforms) = postSolution
		{B7F53FC2-EC50-4043-8D97-1B00FCFF3E69}.Debug|Any CPU.ActiveCfg = Debug|Any CPU
		{B7F53FC2-EC50-4043-8D97-1B00FCFF3E69}.Debug|Any CPU.Build.0 = Debug|Any CPU
		{B7F53FC2-EC50-4043-8D97-1B00FCFF3E69}.Release|Any CPU.ActiveCfg = Release|Any CPU
		{B7F53FC2-EC50-4043-8D97-1B00FCFF3E69}.Release|Any CPU.Build.0 = Release|Any CPU
	EndGlobalSection
	GlobalSection(SolutionProperties) = preSolution
		HideSolutionNode = FALSE
	EndGlobalSection
	GlobalSection(ExtensibilityGlobals) = postSolution
		SolutionGuid = {08C8134C-CFC3-46DF-8735-CC445B31172A}
	EndGlobalSection
EndGlobal
