
Microsoft Visual Studio Solution File, Format Version 12.00
# Visual Studio Version 17
VisualStudioVersion = 17.3.32922.545
MinimumVisualStudioVersion = 10.0.40219.1
Project("{FAE04EC0-301F-11D3-BF4B-00C04F79EFBC}") = "conditionalexcercise", "conditionalexcercise\conditionalexcercise.csproj", "{DE80CBD9-EC40-430D-880C-1095FEEF6CC0}"
EndProject
Global
	GlobalSection(SolutionConfigurationPlatforms) = preSolution
		Debug|Any CPU = Debug|Any CPU
		Release|Any CPU = Release|Any CPU
	EndGlobalSection
	GlobalSection(ProjectConfigurationPlatforms) = postSolution
		{DE80CBD9-EC40-430D-880C-1095FEEF6CC0}.Debug|Any CPU.ActiveCfg = Debug|Any CPU
		{DE80CBD9-EC40-430D-880C-1095FEEF6CC0}.Debug|Any CPU.Build.0 = Debug|Any CPU
		{DE80CBD9-EC40-430D-880C-1095FEEF6CC0}.Release|Any CPU.ActiveCfg = Release|Any CPU
		{DE80CBD9-EC40-430D-880C-1095FEEF6CC0}.Release|Any CPU.Build.0 = Release|Any CPU
	EndGlobalSection
	GlobalSection(SolutionProperties) = preSolution
		HideSolutionNode = FALSE
	EndGlobalSection
	GlobalSection(ExtensibilityGlobals) = postSolution
		SolutionGuid = {B63796BB-B0C4-49CF-AB8E-BF95E64BA8D1}
	EndGlobalSection
EndGlobal
