
Microsoft Visual Studio Solution File, Format Version 12.00
# Visual Studio Version 17
VisualStudioVersion = 17.5.33502.453
MinimumVisualStudioVersion = 10.0.40219.1
Project("{00D1A9C2-B5F0-4AF3-8072-F6C62B433612}") = "Database1", "Database1\Database1.sqlproj", "{83F21922-1E14-497A-AAC0-1DC4B6CEAED6}"
EndProject
Global
	GlobalSection(SolutionConfigurationPlatforms) = preSolution
		Debug|Any CPU = Debug|Any CPU
		Release|Any CPU = Release|Any CPU
	EndGlobalSection
	GlobalSection(ProjectConfigurationPlatforms) = postSolution
		{83F21922-1E14-497A-AAC0-1DC4B6CEAED6}.Debug|Any CPU.ActiveCfg = Debug|Any CPU
		{83F21922-1E14-497A-AAC0-1DC4B6CEAED6}.Debug|Any CPU.Build.0 = Debug|Any CPU
		{83F21922-1E14-497A-AAC0-1DC4B6CEAED6}.Debug|Any CPU.Deploy.0 = Debug|Any CPU
		{83F21922-1E14-497A-AAC0-1DC4B6CEAED6}.Release|Any CPU.ActiveCfg = Release|Any CPU
		{83F21922-1E14-497A-AAC0-1DC4B6CEAED6}.Release|Any CPU.Build.0 = Release|Any CPU
		{83F21922-1E14-497A-AAC0-1DC4B6CEAED6}.Release|Any CPU.Deploy.0 = Release|Any CPU
	EndGlobalSection
	GlobalSection(SolutionProperties) = preSolution
		HideSolutionNode = FALSE
	EndGlobalSection
	GlobalSection(ExtensibilityGlobals) = postSolution
		SolutionGuid = {16479A4E-0F9D-41AC-A6CA-FF79F0E0C90B}
	EndGlobalSection
EndGlobal
