
Microsoft Visual Studio Solution File, Format Version 12.00
# Visual Studio Version 17
VisualStudioVersion = 17.3.32922.545
MinimumVisualStudioVersion = 10.0.40219.1
Project("{FAE04EC0-301F-11D3-BF4B-00C04F79EFBC}") = "Text", "Text\Text.csproj", "{9730AB9D-17FC-4279-909F-78B0DC9AB400}"
EndProject
Global
	GlobalSection(SolutionConfigurationPlatforms) = preSolution
		Debug|Any CPU = Debug|Any CPU
		Release|Any CPU = Release|Any CPU
	EndGlobalSection
	GlobalSection(ProjectConfigurationPlatforms) = postSolution
		{9730AB9D-17FC-4279-909F-78B0DC9AB400}.Debug|Any CPU.ActiveCfg = Debug|Any CPU
		{9730AB9D-17FC-4279-909F-78B0DC9AB400}.Debug|Any CPU.Build.0 = Debug|Any CPU
		{9730AB9D-17FC-4279-909F-78B0DC9AB400}.Release|Any CPU.ActiveCfg = Release|Any CPU
		{9730AB9D-17FC-4279-909F-78B0DC9AB400}.Release|Any CPU.Build.0 = Release|Any CPU
	EndGlobalSection
	GlobalSection(SolutionProperties) = preSolution
		HideSolutionNode = FALSE
	EndGlobalSection
	GlobalSection(ExtensibilityGlobals) = postSolution
		SolutionGuid = {6D29B10E-DCDE-4B40-8F36-CF7CD21B7465}
	EndGlobalSection
EndGlobal
