
Microsoft Visual Studio Solution File, Format Version 12.00
# Visual Studio Version 17
VisualStudioVersion = 17.3.32922.545
MinimumVisualStudioVersion = 10.0.40219.1
Project("{F184B08F-C81C-45F6-A57F-5ABD9991F28F}") = "Lecture1VB", "Lecture1VB\Lecture1VB.vbproj", "{083FFE64-56D5-46DD-9BD3-3F08B90E9C75}"
EndProject
Project("{FAE04EC0-301F-11D3-BF4B-00C04F79EFBC}") = "Lecture1CS", "Lecture1CS\Lecture1CS.csproj", "{365122AA-CF52-4CEA-907D-44DB799A6F29}"
EndProject
Project("{FAE04EC0-301F-11D3-BF4B-00C04F79EFBC}") = "Lecture2", "Lecture2\Lecture2.csproj", "{ADCAD9E5-AABE-4163-80D4-CAEA5C74B6E9}"
EndProject
Project("{FAE04EC0-301F-11D3-BF4B-00C04F79EFBC}") = "Lecture3", "Lecture3\Lecture3.csproj", "{9346B72A-4A10-4856-B39B-E1F07F410709}"
EndProject
Project("{FAE04EC0-301F-11D3-BF4B-00C04F79EFBC}") = "Lecture4PassingReferenceTypeInFunction", "Lecture4\Lecture4PassingReferenceTypeInFunction.csproj", "{8DDC6CE1-E679-4C60-ADB2-2AE13AA89EA3}"
EndProject
Project("{FAE04EC0-301F-11D3-BF4B-00C04F79EFBC}") = "Lecture4StaticCLass", "Lecture4StaticCLass\Lecture4StaticCLass.csproj", "{90C11022-94D3-43F3-8C9C-E8D538116858}"
EndProject
Project("{FAE04EC0-301F-11D3-BF4B-00C04F79EFBC}") = "Lecture4InitializerList", "Lecture4InitializerList\Lecture4InitializerList.csproj", "{BCA019B4-0C8D-41C8-A41A-803B4DE1CB29}"
EndProject
Project("{FAE04EC0-301F-11D3-BF4B-00C04F79EFBC}") = "Lecture4StaticConstructor", "Lecture4StaticConstructor\Lecture4StaticConstructor.csproj", "{D359E281-D351-4657-A770-C4938A170FB1}"
EndProject
Project("{FAE04EC0-301F-11D3-BF4B-00C04F79EFBC}") = "Lecture4Inheritance", "Lecture4Inheritance\Lecture4Inheritance.csproj", "{5002A951-4031-47BA-99A6-24B9C5BD51F2}"
EndProject
Project("{FAE04EC0-301F-11D3-BF4B-00C04F79EFBC}") = "Lecture4CompareStrings", "Lecture4CompareStrings\Lecture4CompareStrings.csproj", "{4083E971-3282-4C33-9D7C-7FD3B3EFA755}"
EndProject
Project("{FAE04EC0-301F-11D3-BF4B-00C04F79EFBC}") = "Lecture4Property", "Lecture4Property\Lecture4Property.csproj", "{2B645BCB-5C5E-4617-93B5-CC75CCFAF64A}"
EndProject
Project("{FAE04EC0-301F-11D3-BF4B-00C04F79EFBC}") = "Lecture4Indexer", "Lecture5Indexer\Lecture4Indexer.csproj", "{5D8BBB8F-C9E4-494E-845C-9E1E794254C2}"
EndProject
Project("{FAE04EC0-301F-11D3-BF4B-00C04F79EFBC}") = "Lecture5Arraylist", "Lecture6Arraylist\Lecture5Arraylist.csproj", "{B4C7F7CB-EDD1-4D85-AA95-91FCF97FA4BC}"
EndProject
Project("{FAE04EC0-301F-11D3-BF4B-00C04F79EFBC}") = "Lecture5List", "Lecture5List\Lecture5List.csproj", "{34A1A6E2-B8BF-4142-8F5A-59E03583F80C}"
EndProject
Project("{FAE04EC0-301F-11D3-BF4B-00C04F79EFBC}") = "Lecture5CollectionInitializer", "Lecture5CollectionInitializer\Lecture5CollectionInitializer.csproj", "{C9A75966-4CD6-4147-B92C-017F182968D3}"
EndProject
Project("{FAE04EC0-301F-11D3-BF4B-00C04F79EFBC}") = "Lecture6Delegate", "Lecture6Delegate\Lecture6Delegate.csproj", "{8F1F5F72-19D6-44AC-8F75-E7CBECC81B96}"
EndProject
Project("{FAE04EC0-301F-11D3-BF4B-00C04F79EFBC}") = "Lecture6DelegateFilter", "Lecture6DelegateFilter\Lecture6DelegateFilter.csproj", "{D45E6B6A-2951-4E80-93E8-395B6529B3E7}"
EndProject
Project("{FAE04EC0-301F-11D3-BF4B-00C04F79EFBC}") = "Lecture6Events", "Lecture6Events\Lecture6Events.csproj", "{86304923-CD79-4B7D-A734-ACCC7024D43C}"
EndProject
Project("{FAE04EC0-301F-11D3-BF4B-00C04F79EFBC}") = "Lecture11Threading", "Lecture11Threading\Lecture11Threading.csproj", "{F04CA2D3-27EF-471E-BA47-FC6C22239786}"
EndProject
Global
	GlobalSection(SolutionConfigurationPlatforms) = preSolution
		Debug|Any CPU = Debug|Any CPU
		Release|Any CPU = Release|Any CPU
	EndGlobalSection
	GlobalSection(ProjectConfigurationPlatforms) = postSolution
		{083FFE64-56D5-46DD-9BD3-3F08B90E9C75}.Debug|Any CPU.ActiveCfg = Debug|Any CPU
		{083FFE64-56D5-46DD-9BD3-3F08B90E9C75}.Debug|Any CPU.Build.0 = Debug|Any CPU
		{083FFE64-56D5-46DD-9BD3-3F08B90E9C75}.Release|Any CPU.ActiveCfg = Release|Any CPU
		{083FFE64-56D5-46DD-9BD3-3F08B90E9C75}.Release|Any CPU.Build.0 = Release|Any CPU
		{365122AA-CF52-4CEA-907D-44DB799A6F29}.Debug|Any CPU.ActiveCfg = Debug|Any CPU
		{365122AA-CF52-4CEA-907D-44DB799A6F29}.Debug|Any CPU.Build.0 = Debug|Any CPU
		{365122AA-CF52-4CEA-907D-44DB799A6F29}.Release|Any CPU.ActiveCfg = Release|Any CPU
		{365122AA-CF52-4CEA-907D-44DB799A6F29}.Release|Any CPU.Build.0 = Release|Any CPU
		{ADCAD9E5-AABE-4163-80D4-CAEA5C74B6E9}.Debug|Any CPU.ActiveCfg = Debug|Any CPU
		{ADCAD9E5-AABE-4163-80D4-CAEA5C74B6E9}.Debug|Any CPU.Build.0 = Debug|Any CPU
		{ADCAD9E5-AABE-4163-80D4-CAEA5C74B6E9}.Release|Any CPU.ActiveCfg = Release|Any CPU
		{ADCAD9E5-AABE-4163-80D4-CAEA5C74B6E9}.Release|Any CPU.Build.0 = Release|Any CPU
		{9346B72A-4A10-4856-B39B-E1F07F410709}.Debug|Any CPU.ActiveCfg = Debug|Any CPU
		{9346B72A-4A10-4856-B39B-E1F07F410709}.Debug|Any CPU.Build.0 = Debug|Any CPU
		{9346B72A-4A10-4856-B39B-E1F07F410709}.Release|Any CPU.ActiveCfg = Release|Any CPU
		{9346B72A-4A10-4856-B39B-E1F07F410709}.Release|Any CPU.Build.0 = Release|Any CPU
		{8DDC6CE1-E679-4C60-ADB2-2AE13AA89EA3}.Debug|Any CPU.ActiveCfg = Debug|Any CPU
		{8DDC6CE1-E679-4C60-ADB2-2AE13AA89EA3}.Debug|Any CPU.Build.0 = Debug|Any CPU
		{8DDC6CE1-E679-4C60-ADB2-2AE13AA89EA3}.Release|Any CPU.ActiveCfg = Release|Any CPU
		{8DDC6CE1-E679-4C60-ADB2-2AE13AA89EA3}.Release|Any CPU.Build.0 = Release|Any CPU
		{90C11022-94D3-43F3-8C9C-E8D538116858}.Debug|Any CPU.ActiveCfg = Debug|Any CPU
		{90C11022-94D3-43F3-8C9C-E8D538116858}.Debug|Any CPU.Build.0 = Debug|Any CPU
		{90C11022-94D3-43F3-8C9C-E8D538116858}.Release|Any CPU.ActiveCfg = Release|Any CPU
		{90C11022-94D3-43F3-8C9C-E8D538116858}.Release|Any CPU.Build.0 = Release|Any CPU
		{BCA019B4-0C8D-41C8-A41A-803B4DE1CB29}.Debug|Any CPU.ActiveCfg = Debug|Any CPU
		{BCA019B4-0C8D-41C8-A41A-803B4DE1CB29}.Debug|Any CPU.Build.0 = Debug|Any CPU
		{BCA019B4-0C8D-41C8-A41A-803B4DE1CB29}.Release|Any CPU.ActiveCfg = Release|Any CPU
		{BCA019B4-0C8D-41C8-A41A-803B4DE1CB29}.Release|Any CPU.Build.0 = Release|Any CPU
		{D359E281-D351-4657-A770-C4938A170FB1}.Debug|Any CPU.ActiveCfg = Debug|Any CPU
		{D359E281-D351-4657-A770-C4938A170FB1}.Debug|Any CPU.Build.0 = Debug|Any CPU
		{D359E281-D351-4657-A770-C4938A170FB1}.Release|Any CPU.ActiveCfg = Release|Any CPU
		{D359E281-D351-4657-A770-C4938A170FB1}.Release|Any CPU.Build.0 = Release|Any CPU
		{5002A951-4031-47BA-99A6-24B9C5BD51F2}.Debug|Any CPU.ActiveCfg = Debug|Any CPU
		{5002A951-4031-47BA-99A6-24B9C5BD51F2}.Debug|Any CPU.Build.0 = Debug|Any CPU
		{5002A951-4031-47BA-99A6-24B9C5BD51F2}.Release|Any CPU.ActiveCfg = Release|Any CPU
		{5002A951-4031-47BA-99A6-24B9C5BD51F2}.Release|Any CPU.Build.0 = Release|Any CPU
		{4083E971-3282-4C33-9D7C-7FD3B3EFA755}.Debug|Any CPU.ActiveCfg = Debug|Any CPU
		{4083E971-3282-4C33-9D7C-7FD3B3EFA755}.Debug|Any CPU.Build.0 = Debug|Any CPU
		{4083E971-3282-4C33-9D7C-7FD3B3EFA755}.Release|Any CPU.ActiveCfg = Release|Any CPU
		{4083E971-3282-4C33-9D7C-7FD3B3EFA755}.Release|Any CPU.Build.0 = Release|Any CPU
		{2B645BCB-5C5E-4617-93B5-CC75CCFAF64A}.Debug|Any CPU.ActiveCfg = Debug|Any CPU
		{2B645BCB-5C5E-4617-93B5-CC75CCFAF64A}.Debug|Any CPU.Build.0 = Debug|Any CPU
		{2B645BCB-5C5E-4617-93B5-CC75CCFAF64A}.Release|Any CPU.ActiveCfg = Release|Any CPU
		{2B645BCB-5C5E-4617-93B5-CC75CCFAF64A}.Release|Any CPU.Build.0 = Release|Any CPU
		{5D8BBB8F-C9E4-494E-845C-9E1E794254C2}.Debug|Any CPU.ActiveCfg = Debug|Any CPU
		{5D8BBB8F-C9E4-494E-845C-9E1E794254C2}.Debug|Any CPU.Build.0 = Debug|Any CPU
		{5D8BBB8F-C9E4-494E-845C-9E1E794254C2}.Release|Any CPU.ActiveCfg = Release|Any CPU
		{5D8BBB8F-C9E4-494E-845C-9E1E794254C2}.Release|Any CPU.Build.0 = Release|Any CPU
		{B4C7F7CB-EDD1-4D85-AA95-91FCF97FA4BC}.Debug|Any CPU.ActiveCfg = Debug|Any CPU
		{B4C7F7CB-EDD1-4D85-AA95-91FCF97FA4BC}.Debug|Any CPU.Build.0 = Debug|Any CPU
		{B4C7F7CB-EDD1-4D85-AA95-91FCF97FA4BC}.Release|Any CPU.ActiveCfg = Release|Any CPU
		{B4C7F7CB-EDD1-4D85-AA95-91FCF97FA4BC}.Release|Any CPU.Build.0 = Release|Any CPU
		{34A1A6E2-B8BF-4142-8F5A-59E03583F80C}.Debug|Any CPU.ActiveCfg = Debug|Any CPU
		{34A1A6E2-B8BF-4142-8F5A-59E03583F80C}.Debug|Any CPU.Build.0 = Debug|Any CPU
		{34A1A6E2-B8BF-4142-8F5A-59E03583F80C}.Release|Any CPU.ActiveCfg = Release|Any CPU
		{34A1A6E2-B8BF-4142-8F5A-59E03583F80C}.Release|Any CPU.Build.0 = Release|Any CPU
		{C9A75966-4CD6-4147-B92C-017F182968D3}.Debug|Any CPU.ActiveCfg = Debug|Any CPU
		{C9A75966-4CD6-4147-B92C-017F182968D3}.Debug|Any CPU.Build.0 = Debug|Any CPU
		{C9A75966-4CD6-4147-B92C-017F182968D3}.Release|Any CPU.ActiveCfg = Release|Any CPU
		{C9A75966-4CD6-4147-B92C-017F182968D3}.Release|Any CPU.Build.0 = Release|Any CPU
		{8F1F5F72-19D6-44AC-8F75-E7CBECC81B96}.Debug|Any CPU.ActiveCfg = Debug|Any CPU
		{8F1F5F72-19D6-44AC-8F75-E7CBECC81B96}.Debug|Any CPU.Build.0 = Debug|Any CPU
		{8F1F5F72-19D6-44AC-8F75-E7CBECC81B96}.Release|Any CPU.ActiveCfg = Release|Any CPU
		{8F1F5F72-19D6-44AC-8F75-E7CBECC81B96}.Release|Any CPU.Build.0 = Release|Any CPU
		{D45E6B6A-2951-4E80-93E8-395B6529B3E7}.Debug|Any CPU.ActiveCfg = Debug|Any CPU
		{D45E6B6A-2951-4E80-93E8-395B6529B3E7}.Debug|Any CPU.Build.0 = Debug|Any CPU
		{D45E6B6A-2951-4E80-93E8-395B6529B3E7}.Release|Any CPU.ActiveCfg = Release|Any CPU
		{D45E6B6A-2951-4E80-93E8-395B6529B3E7}.Release|Any CPU.Build.0 = Release|Any CPU
		{86304923-CD79-4B7D-A734-ACCC7024D43C}.Debug|Any CPU.ActiveCfg = Debug|Any CPU
		{86304923-CD79-4B7D-A734-ACCC7024D43C}.Debug|Any CPU.Build.0 = Debug|Any CPU
		{86304923-CD79-4B7D-A734-ACCC7024D43C}.Release|Any CPU.ActiveCfg = Release|Any CPU
		{86304923-CD79-4B7D-A734-ACCC7024D43C}.Release|Any CPU.Build.0 = Release|Any CPU
		{F04CA2D3-27EF-471E-BA47-FC6C22239786}.Debug|Any CPU.ActiveCfg = Debug|Any CPU
		{F04CA2D3-27EF-471E-BA47-FC6C22239786}.Debug|Any CPU.Build.0 = Debug|Any CPU
		{F04CA2D3-27EF-471E-BA47-FC6C22239786}.Release|Any CPU.ActiveCfg = Release|Any CPU
		{F04CA2D3-27EF-471E-BA47-FC6C22239786}.Release|Any CPU.Build.0 = Release|Any CPU
	EndGlobalSection
	GlobalSection(SolutionProperties) = preSolution
		HideSolutionNode = FALSE
	EndGlobalSection
	GlobalSection(ExtensibilityGlobals) = postSolution
		SolutionGuid = {D486E5B4-AA3C-4614-A3F3-568AB5049E60}
	EndGlobalSection
EndGlobal
