
Microsoft Visual Studio Solution File, Format Version 12.00
# Visual Studio Version 17
VisualStudioVersion = 17.3.32922.545
MinimumVisualStudioVersion = 10.0.40219.1
Project("{FAE04EC0-301F-11D3-BF4B-00C04F79EFBC}") = "Lab1", "Lab1\Lab1.csproj", "{CFA3BFF7-9EF9-4025-BB4C-37ABEBB9BEF9}"
EndProject
Project("{FAE04EC0-301F-11D3-BF4B-00C04F79EFBC}") = "Lab2", "Lab2\Lab2.csproj", "{5089C3C8-0AC6-4F3D-BC55-CA28D34AFB02}"
EndProject
Project("{FAE04EC0-301F-11D3-BF4B-00C04F79EFBC}") = "Lab3", "Lab3\Lab3.csproj", "{B94BDF76-A7FE-4162-91B2-550908D0BE8F}"
EndProject
Project("{FAE04EC0-301F-11D3-BF4B-00C04F79EFBC}") = "Lab4Task1", "Lab4\Lab4Task1.csproj", "{429A9E2E-A7E1-4867-83AA-702F538990C1}"
EndProject
Project("{FAE04EC0-301F-11D3-BF4B-00C04F79EFBC}") = "Lab4Task2", "Lab4Task2\Lab4Task2.csproj", "{78CA7413-590B-4476-BC94-0F4DA3EB98EE}"
EndProject
Project("{FAE04EC0-301F-11D3-BF4B-00C04F79EFBC}") = "Lab5", "Lab5\Lab5.csproj", "{F07E36E0-D706-4E03-9AD6-DC0F7E582999}"
EndProject
Project("{FAE04EC0-301F-11D3-BF4B-00C04F79EFBC}") = "Lab6Task1", "Lab6Task1\Lab6Task1.csproj", "{CC1C2982-20C9-4880-BBE8-B04DA47C46FC}"
EndProject
Project("{FAE04EC0-301F-11D3-BF4B-00C04F79EFBC}") = "Lab6Task2", "Lab6Task2\Lab6Task2.csproj", "{44F54590-C717-4663-9A07-D5AF30A6274B}"
EndProject
Project("{FAE04EC0-301F-11D3-BF4B-00C04F79EFBC}") = "Lab6Task3", "Lab6Task3\Lab6Task3.csproj", "{859A7062-1DB5-4EC6-A795-6603032CABBB}"
EndProject
Project("{FAE04EC0-301F-11D3-BF4B-00C04F79EFBC}") = "Lab11-File Explorer", "Lab11-File Explorer\Lab11-File Explorer.csproj", "{CBE786F3-15D8-4DDF-9038-A9472335F5D2}"
EndProject
Project("{FAE04EC0-301F-11D3-BF4B-00C04F79EFBC}") = "Lab12-ChatServerApp", "Lab12-ChatServerApp\Lab12-ChatServerApp.csproj", "{0B8C0EA3-BADF-44CC-B02F-15EA1013ECBE}"
EndProject
Project("{FAE04EC0-301F-11D3-BF4B-00C04F79EFBC}") = "Lab12-ChatClientApp", "Lab12-ChatClientApp\Lab12-ChatClientApp.csproj", "{3C0263D0-37C1-4CDD-9BAB-8E32009F37BF}"
EndProject
Global
	GlobalSection(SolutionConfigurationPlatforms) = preSolution
		Debug|Any CPU = Debug|Any CPU
		Release|Any CPU = Release|Any CPU
	EndGlobalSection
	GlobalSection(ProjectConfigurationPlatforms) = postSolution
		{CFA3BFF7-9EF9-4025-BB4C-37ABEBB9BEF9}.Debug|Any CPU.ActiveCfg = Debug|Any CPU
		{CFA3BFF7-9EF9-4025-BB4C-37ABEBB9BEF9}.Debug|Any CPU.Build.0 = Debug|Any CPU
		{CFA3BFF7-9EF9-4025-BB4C-37ABEBB9BEF9}.Release|Any CPU.ActiveCfg = Release|Any CPU
		{CFA3BFF7-9EF9-4025-BB4C-37ABEBB9BEF9}.Release|Any CPU.Build.0 = Release|Any CPU
		{5089C3C8-0AC6-4F3D-BC55-CA28D34AFB02}.Debug|Any CPU.ActiveCfg = Debug|Any CPU
		{5089C3C8-0AC6-4F3D-BC55-CA28D34AFB02}.Debug|Any CPU.Build.0 = Debug|Any CPU
		{5089C3C8-0AC6-4F3D-BC55-CA28D34AFB02}.Release|Any CPU.ActiveCfg = Release|Any CPU
		{5089C3C8-0AC6-4F3D-BC55-CA28D34AFB02}.Release|Any CPU.Build.0 = Release|Any CPU
		{B94BDF76-A7FE-4162-91B2-550908D0BE8F}.Debug|Any CPU.ActiveCfg = Debug|Any CPU
		{B94BDF76-A7FE-4162-91B2-550908D0BE8F}.Debug|Any CPU.Build.0 = Debug|Any CPU
		{B94BDF76-A7FE-4162-91B2-550908D0BE8F}.Release|Any CPU.ActiveCfg = Release|Any CPU
		{B94BDF76-A7FE-4162-91B2-550908D0BE8F}.Release|Any CPU.Build.0 = Release|Any CPU
		{429A9E2E-A7E1-4867-83AA-702F538990C1}.Debug|Any CPU.ActiveCfg = Debug|Any CPU
		{429A9E2E-A7E1-4867-83AA-702F538990C1}.Debug|Any CPU.Build.0 = Debug|Any CPU
		{429A9E2E-A7E1-4867-83AA-702F538990C1}.Release|Any CPU.ActiveCfg = Release|Any CPU
		{429A9E2E-A7E1-4867-83AA-702F538990C1}.Release|Any CPU.Build.0 = Release|Any CPU
		{78CA7413-590B-4476-BC94-0F4DA3EB98EE}.Debug|Any CPU.ActiveCfg = Debug|Any CPU
		{78CA7413-590B-4476-BC94-0F4DA3EB98EE}.Debug|Any CPU.Build.0 = Debug|Any CPU
		{78CA7413-590B-4476-BC94-0F4DA3EB98EE}.Release|Any CPU.ActiveCfg = Release|Any CPU
		{78CA7413-590B-4476-BC94-0F4DA3EB98EE}.Release|Any CPU.Build.0 = Release|Any CPU
		{F07E36E0-D706-4E03-9AD6-DC0F7E582999}.Debug|Any CPU.ActiveCfg = Debug|Any CPU
		{F07E36E0-D706-4E03-9AD6-DC0F7E582999}.Debug|Any CPU.Build.0 = Debug|Any CPU
		{F07E36E0-D706-4E03-9AD6-DC0F7E582999}.Release|Any CPU.ActiveCfg = Release|Any CPU
		{F07E36E0-D706-4E03-9AD6-DC0F7E582999}.Release|Any CPU.Build.0 = Release|Any CPU
		{CC1C2982-20C9-4880-BBE8-B04DA47C46FC}.Debug|Any CPU.ActiveCfg = Debug|Any CPU
		{CC1C2982-20C9-4880-BBE8-B04DA47C46FC}.Debug|Any CPU.Build.0 = Debug|Any CPU
		{CC1C2982-20C9-4880-BBE8-B04DA47C46FC}.Release|Any CPU.ActiveCfg = Release|Any CPU
		{CC1C2982-20C9-4880-BBE8-B04DA47C46FC}.Release|Any CPU.Build.0 = Release|Any CPU
		{44F54590-C717-4663-9A07-D5AF30A6274B}.Debug|Any CPU.ActiveCfg = Debug|Any CPU
		{44F54590-C717-4663-9A07-D5AF30A6274B}.Debug|Any CPU.Build.0 = Debug|Any CPU
		{44F54590-C717-4663-9A07-D5AF30A6274B}.Release|Any CPU.ActiveCfg = Release|Any CPU
		{44F54590-C717-4663-9A07-D5AF30A6274B}.Release|Any CPU.Build.0 = Release|Any CPU
		{859A7062-1DB5-4EC6-A795-6603032CABBB}.Debug|Any CPU.ActiveCfg = Debug|Any CPU
		{859A7062-1DB5-4EC6-A795-6603032CABBB}.Debug|Any CPU.Build.0 = Debug|Any CPU
		{859A7062-1DB5-4EC6-A795-6603032CABBB}.Release|Any CPU.ActiveCfg = Release|Any CPU
		{859A7062-1DB5-4EC6-A795-6603032CABBB}.Release|Any CPU.Build.0 = Release|Any CPU
		{CBE786F3-15D8-4DDF-9038-A9472335F5D2}.Debug|Any CPU.ActiveCfg = Debug|Any CPU
		{CBE786F3-15D8-4DDF-9038-A9472335F5D2}.Debug|Any CPU.Build.0 = Debug|Any CPU
		{CBE786F3-15D8-4DDF-9038-A9472335F5D2}.Release|Any CPU.ActiveCfg = Release|Any CPU
		{CBE786F3-15D8-4DDF-9038-A9472335F5D2}.Release|Any CPU.Build.0 = Release|Any CPU
		{0B8C0EA3-BADF-44CC-B02F-15EA1013ECBE}.Debug|Any CPU.ActiveCfg = Debug|Any CPU
		{0B8C0EA3-BADF-44CC-B02F-15EA1013ECBE}.Debug|Any CPU.Build.0 = Debug|Any CPU
		{0B8C0EA3-BADF-44CC-B02F-15EA1013ECBE}.Release|Any CPU.ActiveCfg = Release|Any CPU
		{0B8C0EA3-BADF-44CC-B02F-15EA1013ECBE}.Release|Any CPU.Build.0 = Release|Any CPU
		{3C0263D0-37C1-4CDD-9BAB-8E32009F37BF}.Debug|Any CPU.ActiveCfg = Debug|Any CPU
		{3C0263D0-37C1-4CDD-9BAB-8E32009F37BF}.Debug|Any CPU.Build.0 = Debug|Any CPU
		{3C0263D0-37C1-4CDD-9BAB-8E32009F37BF}.Release|Any CPU.ActiveCfg = Release|Any CPU
		{3C0263D0-37C1-4CDD-9BAB-8E32009F37BF}.Release|Any CPU.Build.0 = Release|Any CPU
	EndGlobalSection
	GlobalSection(SolutionProperties) = preSolution
		HideSolutionNode = FALSE
	EndGlobalSection
	GlobalSection(ExtensibilityGlobals) = postSolution
		SolutionGuid = {0D942440-C68B-4329-A2F4-4F2BC62E2F45}
	EndGlobalSection
EndGlobal
